
Microsoft Visual Studio Solution File, Format Version 12.00
# Visual Studio 15
VisualStudioVersion = 15.0.27703.2042
MinimumVisualStudioVersion = 10.0.40219.1
Project("{9A19103F-16F7-4668-BE54-9A1E7A4F7556}") = "Server.Shared", "Server.Shared\Server.Shared.csproj", "{E62A4C3C-C148-4658-9674-2EF36EA05D3F}"
EndProject
Project("{9A19103F-16F7-4668-BE54-9A1E7A4F7556}") = "Server.DB", "Server.DB\Server.DB.csproj", "{B4C8FA6F-1BA6-448C-88F5-D5810C009082}"
EndProject
Project("{9A19103F-16F7-4668-BE54-9A1E7A4F7556}") = "Server.Service", "Server.Service\Server.Service.csproj", "{4FD7D7D2-BA8D-4274-8481-240E43AB6931}"
EndProject
Project("{9A19103F-16F7-4668-BE54-9A1E7A4F7556}") = "Server.Test", "Server.Test\Server.Test.csproj", "{13D41F10-8F7B-4ABA-B61C-25E0730F6996}"
EndProject
Project("{9A19103F-16F7-4668-BE54-9A1E7A4F7556}") = "Server.Host", "Server.Host\Server.Host.csproj", "{A41DB221-1430-49E5-8E1D-4A9A19BAD4EA}"
EndProject
Project("{FAE04EC0-301F-11D3-BF4B-00C04F79EFBC}") = "Server.Jobs", "Server.Jobs\Server.Jobs.csproj", "{E35DA7EC-3412-4BBF-9ED7-D8F04DB6D7E9}"
EndProject
Global
	GlobalSection(SolutionConfigurationPlatforms) = preSolution
		Debug|Any CPU = Debug|Any CPU
		Release|Any CPU = Release|Any CPU
	EndGlobalSection
	GlobalSection(ProjectConfigurationPlatforms) = postSolution
		{E62A4C3C-C148-4658-9674-2EF36EA05D3F}.Debug|Any CPU.ActiveCfg = Debug|Any CPU
		{E62A4C3C-C148-4658-9674-2EF36EA05D3F}.Debug|Any CPU.Build.0 = Debug|Any CPU
		{E62A4C3C-C148-4658-9674-2EF36EA05D3F}.Release|Any CPU.ActiveCfg = Release|Any CPU
		{E62A4C3C-C148-4658-9674-2EF36EA05D3F}.Release|Any CPU.Build.0 = Release|Any CPU
		{B4C8FA6F-1BA6-448C-88F5-D5810C009082}.Debug|Any CPU.ActiveCfg = Debug|Any CPU
		{B4C8FA6F-1BA6-448C-88F5-D5810C009082}.Debug|Any CPU.Build.0 = Debug|Any CPU
		{B4C8FA6F-1BA6-448C-88F5-D5810C009082}.Release|Any CPU.ActiveCfg = Release|Any CPU
		{B4C8FA6F-1BA6-448C-88F5-D5810C009082}.Release|Any CPU.Build.0 = Release|Any CPU
		{4FD7D7D2-BA8D-4274-8481-240E43AB6931}.Debug|Any CPU.ActiveCfg = Debug|Any CPU
		{4FD7D7D2-BA8D-4274-8481-240E43AB6931}.Debug|Any CPU.Build.0 = Debug|Any CPU
		{4FD7D7D2-BA8D-4274-8481-240E43AB6931}.Release|Any CPU.ActiveCfg = Release|Any CPU
		{4FD7D7D2-BA8D-4274-8481-240E43AB6931}.Release|Any CPU.Build.0 = Release|Any CPU
		{13D41F10-8F7B-4ABA-B61C-25E0730F6996}.Debug|Any CPU.ActiveCfg = Debug|Any CPU
		{13D41F10-8F7B-4ABA-B61C-25E0730F6996}.Debug|Any CPU.Build.0 = Debug|Any CPU
		{13D41F10-8F7B-4ABA-B61C-25E0730F6996}.Release|Any CPU.ActiveCfg = Release|Any CPU
		{13D41F10-8F7B-4ABA-B61C-25E0730F6996}.Release|Any CPU.Build.0 = Release|Any CPU
		{A41DB221-1430-49E5-8E1D-4A9A19BAD4EA}.Debug|Any CPU.ActiveCfg = Debug|Any CPU
		{A41DB221-1430-49E5-8E1D-4A9A19BAD4EA}.Debug|Any CPU.Build.0 = Debug|Any CPU
		{A41DB221-1430-49E5-8E1D-4A9A19BAD4EA}.Release|Any CPU.ActiveCfg = Release|Any CPU
		{A41DB221-1430-49E5-8E1D-4A9A19BAD4EA}.Release|Any CPU.Build.0 = Release|Any CPU
		{E35DA7EC-3412-4BBF-9ED7-D8F04DB6D7E9}.Debug|Any CPU.ActiveCfg = Debug|Any CPU
		{E35DA7EC-3412-4BBF-9ED7-D8F04DB6D7E9}.Debug|Any CPU.Build.0 = Debug|Any CPU
		{E35DA7EC-3412-4BBF-9ED7-D8F04DB6D7E9}.Release|Any CPU.ActiveCfg = Release|Any CPU
		{E35DA7EC-3412-4BBF-9ED7-D8F04DB6D7E9}.Release|Any CPU.Build.0 = Release|Any CPU
	EndGlobalSection
	GlobalSection(SolutionProperties) = preSolution
		HideSolutionNode = FALSE
	EndGlobalSection
	GlobalSection(ExtensibilityGlobals) = postSolution
		SolutionGuid = {10C34877-C9B1-4D91-AEA6-A0F71315A19B}
	EndGlobalSection
EndGlobal
